
Microsoft Visual Studio Solution File, Format Version 12.00
# Visual Studio 15
VisualStudioVersion = 15.0.28307.572
MinimumVisualStudioVersion = 10.0.40219.1
Project("{FAE04EC0-301F-11D3-BF4B-00C04F79EFBC}") = "EmployeeInformation", "EmployeeInformation\EmployeeInformation.csproj", "{AD942F98-9531-41CD-AADF-74425B77320C}"
EndProject
Project("{FAE04EC0-301F-11D3-BF4B-00C04F79EFBC}") = "EmpDetails", "EmpDetails\EmpDetails.csproj", "{5BA3C0FD-78DA-43A5-B601-493D0D413CB5}"
EndProject
Global
	GlobalSection(SolutionConfigurationPlatforms) = preSolution
		Debug|Any CPU = Debug|Any CPU
		Release|Any CPU = Release|Any CPU
	EndGlobalSection
	GlobalSection(ProjectConfigurationPlatforms) = postSolution
		{AD942F98-9531-41CD-AADF-74425B77320C}.Debug|Any CPU.ActiveCfg = Debug|Any CPU
		{AD942F98-9531-41CD-AADF-74425B77320C}.Debug|Any CPU.Build.0 = Debug|Any CPU
		{AD942F98-9531-41CD-AADF-74425B77320C}.Release|Any CPU.ActiveCfg = Release|Any CPU
		{AD942F98-9531-41CD-AADF-74425B77320C}.Release|Any CPU.Build.0 = Release|Any CPU
		{5BA3C0FD-78DA-43A5-B601-493D0D413CB5}.Debug|Any CPU.ActiveCfg = Debug|Any CPU
		{5BA3C0FD-78DA-43A5-B601-493D0D413CB5}.Debug|Any CPU.Build.0 = Debug|Any CPU
		{5BA3C0FD-78DA-43A5-B601-493D0D413CB5}.Release|Any CPU.ActiveCfg = Release|Any CPU
		{5BA3C0FD-78DA-43A5-B601-493D0D413CB5}.Release|Any CPU.Build.0 = Release|Any CPU
	EndGlobalSection
	GlobalSection(SolutionProperties) = preSolution
		HideSolutionNode = FALSE
	EndGlobalSection
	GlobalSection(ExtensibilityGlobals) = postSolution
		SolutionGuid = {BE823178-F585-413A-B154-52880B9B95C6}
	EndGlobalSection
EndGlobal
